
Microsoft Visual Studio Solution File, Format Version 12.00
# Visual Studio Version 16
VisualStudioVersion = 16.0.32802.440
MinimumVisualStudioVersion = 10.0.40219.1
Project("{FAE04EC0-301F-11D3-BF4B-00C04F79EFBC}") = "Employee-System", "Employee-System\Employee-System.csproj", "{F73938A1-8C33-4797-AF3C-6B2BA873EB27}"
EndProject
Global
	GlobalSection(SolutionConfigurationPlatforms) = preSolution
		Debug|Any CPU = Debug|Any CPU
		Release|Any CPU = Release|Any CPU
	EndGlobalSection
	GlobalSection(ProjectConfigurationPlatforms) = postSolution
		{F73938A1-8C33-4797-AF3C-6B2BA873EB27}.Debug|Any CPU.ActiveCfg = Debug|Any CPU
		{F73938A1-8C33-4797-AF3C-6B2BA873EB27}.Debug|Any CPU.Build.0 = Debug|Any CPU
		{F73938A1-8C33-4797-AF3C-6B2BA873EB27}.Release|Any CPU.ActiveCfg = Release|Any CPU
		{F73938A1-8C33-4797-AF3C-6B2BA873EB27}.Release|Any CPU.Build.0 = Release|Any CPU
	EndGlobalSection
	GlobalSection(SolutionProperties) = preSolution
		HideSolutionNode = FALSE
	EndGlobalSection
	GlobalSection(ExtensibilityGlobals) = postSolution
		SolutionGuid = {444FDC12-20B5-4DBE-A9F7-39C9CDC7D97D}
	EndGlobalSection
EndGlobal
